
Microsoft Visual Studio Solution File, Format Version 12.00
# Visual Studio Version 16
VisualStudioVersion = 16.0.31424.327
MinimumVisualStudioVersion = 10.0.40219.1
Project("{FAE04EC0-301F-11D3-BF4B-00C04F79EFBC}") = "Lease.Api", "Lease.Api\Lease.Api.csproj", "{A298DD1A-EB35-4757-A09C-09FE1291F2C5}"
EndProject
Project("{FAE04EC0-301F-11D3-BF4B-00C04F79EFBC}") = "Lease.Api.Test", "Lease.Api.Test\Lease.Api.Test.csproj", "{95EB56B5-9CE5-484B-ADE3-09887FE1E0CA}"
EndProject
Global
	GlobalSection(SolutionConfigurationPlatforms) = preSolution
		Debug|Any CPU = Debug|Any CPU
		Release|Any CPU = Release|Any CPU
	EndGlobalSection
	GlobalSection(ProjectConfigurationPlatforms) = postSolution
		{A298DD1A-EB35-4757-A09C-09FE1291F2C5}.Debug|Any CPU.ActiveCfg = Debug|Any CPU
		{A298DD1A-EB35-4757-A09C-09FE1291F2C5}.Debug|Any CPU.Build.0 = Debug|Any CPU
		{A298DD1A-EB35-4757-A09C-09FE1291F2C5}.Release|Any CPU.ActiveCfg = Release|Any CPU
		{A298DD1A-EB35-4757-A09C-09FE1291F2C5}.Release|Any CPU.Build.0 = Release|Any CPU
		{95EB56B5-9CE5-484B-ADE3-09887FE1E0CA}.Debug|Any CPU.ActiveCfg = Debug|Any CPU
		{95EB56B5-9CE5-484B-ADE3-09887FE1E0CA}.Debug|Any CPU.Build.0 = Debug|Any CPU
		{95EB56B5-9CE5-484B-ADE3-09887FE1E0CA}.Release|Any CPU.ActiveCfg = Release|Any CPU
		{95EB56B5-9CE5-484B-ADE3-09887FE1E0CA}.Release|Any CPU.Build.0 = Release|Any CPU
	EndGlobalSection
	GlobalSection(SolutionProperties) = preSolution
		HideSolutionNode = FALSE
	EndGlobalSection
	GlobalSection(ExtensibilityGlobals) = postSolution
		SolutionGuid = {62DDA70A-65A0-4E9A-94BD-47682C531FC9}
	EndGlobalSection
EndGlobal
